// !$*UTF8*$!
{
	archiveVersion = 1;
	classes = {
	};
	objectVersion = 56;
	objects = {

/* Begin PBXBuildFile section */
		352942462C6511C0000E6AF4 /* AppDelegate.swift in Sources */ = {isa = PBXBuildFile; fileRef = 352942452C6511C0000E6AF4 /* AppDelegate.swift */; };
		352942482C6511C0000E6AF4 /* SceneDelegate.swift in Sources */ = {isa = PBXBuildFile; fileRef = 352942472C6511C0000E6AF4 /* SceneDelegate.swift */; };
		3529424F2C6511C1000E6AF4 /* Assets.xcassets in Resources */ = {isa = PBXBuildFile; fileRef = 3529424E2C6511C1000E6AF4 /* Assets.xcassets */; };
		352942522C6511C1000E6AF4 /* Base in Resources */ = {isa = PBXBuildFile; fileRef = 352942512C6511C1000E6AF4 /* Base */; };
		3529425B2C65124A000E6AF4 /* TabBarController.swift in Sources */ = {isa = PBXBuildFile; fileRef = 3529425A2C65124A000E6AF4 /* TabBarController.swift */; };
		3529425D2C651288000E6AF4 /* SearchTabMainViewController.swift in Sources */ = {isa = PBXBuildFile; fileRef = 3529425C2C651288000E6AF4 /* SearchTabMainViewController.swift */; };
		3529425F2C65129B000E6AF4 /* SearchTabMainTableViewCell.swift in Sources */ = {isa = PBXBuildFile; fileRef = 3529425E2C65129B000E6AF4 /* SearchTabMainTableViewCell.swift */; };
		352942612C6512AE000E6AF4 /* SearchTabDetailViewController.swift in Sources */ = {isa = PBXBuildFile; fileRef = 352942602C6512AE000E6AF4 /* SearchTabDetailViewController.swift */; };
		352942632C6512E9000E6AF4 /* SearchTabMainCollectionViewCell.swift in Sources */ = {isa = PBXBuildFile; fileRef = 352942622C6512E9000E6AF4 /* SearchTabMainCollectionViewCell.swift */; };
		352942652C651312000E6AF4 /* SearchTabDetailCollectionViewCell.swift in Sources */ = {isa = PBXBuildFile; fileRef = 352942642C651312000E6AF4 /* SearchTabDetailCollectionViewCell.swift */; };
		352942672C651321000E6AF4 /* NetworkManager.swift in Sources */ = {isa = PBXBuildFile; fileRef = 352942662C651321000E6AF4 /* NetworkManager.swift */; };
		352942692C65136F000E6AF4 /* iTunesModel.swift in Sources */ = {isa = PBXBuildFile; fileRef = 352942682C65136F000E6AF4 /* iTunesModel.swift */; };
		3529426B2C651390000E6AF4 /* SearchTabMainViewModel.swift in Sources */ = {isa = PBXBuildFile; fileRef = 3529426A2C651390000E6AF4 /* SearchTabMainViewModel.swift */; };
		3529426D2C65139F000E6AF4 /* SearchTabDetailViewModel.swift in Sources */ = {isa = PBXBuildFile; fileRef = 3529426C2C65139F000E6AF4 /* SearchTabDetailViewModel.swift */; };
/* End PBXBuildFile section */

/* Begin PBXFileReference section */
		352942422C6511C0000E6AF4 /* AppStoreProject.app */ = {isa = PBXFileReference; explicitFileType = wrapper.application; includeInIndex = 0; path = AppStoreProject.app; sourceTree = BUILT_PRODUCTS_DIR; };
		352942452C6511C0000E6AF4 /* AppDelegate.swift */ = {isa = PBXFileReference; lastKnownFileType = sourcecode.swift; path = AppDelegate.swift; sourceTree = "<group>"; };
		352942472C6511C0000E6AF4 /* SceneDelegate.swift */ = {isa = PBXFileReference; lastKnownFileType = sourcecode.swift; path = SceneDelegate.swift; sourceTree = "<group>"; };
		3529424E2C6511C1000E6AF4 /* Assets.xcassets */ = {isa = PBXFileReference; lastKnownFileType = folder.assetcatalog; path = Assets.xcassets; sourceTree = "<group>"; };
		352942512C6511C1000E6AF4 /* Base */ = {isa = PBXFileReference; lastKnownFileType = file.storyboard; name = Base; path = Base.lproj/LaunchScreen.storyboard; sourceTree = "<group>"; };
		352942532C6511C1000E6AF4 /* Info.plist */ = {isa = PBXFileReference; lastKnownFileType = text.plist.xml; path = Info.plist; sourceTree = "<group>"; };
		3529425A2C65124A000E6AF4 /* TabBarController.swift */ = {isa = PBXFileReference; lastKnownFileType = sourcecode.swift; path = TabBarController.swift; sourceTree = "<group>"; };
		3529425C2C651288000E6AF4 /* SearchTabMainViewController.swift */ = {isa = PBXFileReference; lastKnownFileType = sourcecode.swift; path = SearchTabMainViewController.swift; sourceTree = "<group>"; };
		3529425E2C65129B000E6AF4 /* SearchTabMainTableViewCell.swift */ = {isa = PBXFileReference; lastKnownFileType = sourcecode.swift; path = SearchTabMainTableViewCell.swift; sourceTree = "<group>"; };
		352942602C6512AE000E6AF4 /* SearchTabDetailViewController.swift */ = {isa = PBXFileReference; lastKnownFileType = sourcecode.swift; path = SearchTabDetailViewController.swift; sourceTree = "<group>"; };
		352942622C6512E9000E6AF4 /* SearchTabMainCollectionViewCell.swift */ = {isa = PBXFileReference; lastKnownFileType = sourcecode.swift; path = SearchTabMainCollectionViewCell.swift; sourceTree = "<group>"; };
		352942642C651312000E6AF4 /* SearchTabDetailCollectionViewCell.swift */ = {isa = PBXFileReference; lastKnownFileType = sourcecode.swift; path = SearchTabDetailCollectionViewCell.swift; sourceTree = "<group>"; };
		352942662C651321000E6AF4 /* NetworkManager.swift */ = {isa = PBXFileReference; lastKnownFileType = sourcecode.swift; path = NetworkManager.swift; sourceTree = "<group>"; };
		352942682C65136F000E6AF4 /* iTunesModel.swift */ = {isa = PBXFileReference; lastKnownFileType = sourcecode.swift; path = iTunesModel.swift; sourceTree = "<group>"; };
		3529426A2C651390000E6AF4 /* SearchTabMainViewModel.swift */ = {isa = PBXFileReference; lastKnownFileType = sourcecode.swift; path = SearchTabMainViewModel.swift; sourceTree = "<group>"; };
		3529426C2C65139F000E6AF4 /* SearchTabDetailViewModel.swift */ = {isa = PBXFileReference; lastKnownFileType = sourcecode.swift; path = SearchTabDetailViewModel.swift; sourceTree = "<group>"; };
/* End PBXFileReference section */

/* Begin PBXFrameworksBuildPhase section */
		3529423F2C6511C0000E6AF4 /* Frameworks */ = {
			isa = PBXFrameworksBuildPhase;
			buildActionMask = 2147483647;
			files = (
			);
			runOnlyForDeploymentPostprocessing = 0;
		};
/* End PBXFrameworksBuildPhase section */

/* Begin PBXGroup section */
		352942392C6511C0000E6AF4 = {
			isa = PBXGroup;
			children = (
				352942442C6511C0000E6AF4 /* AppStoreProject */,
				352942432C6511C0000E6AF4 /* Products */,
			);
			sourceTree = "<group>";
		};
		352942432C6511C0000E6AF4 /* Products */ = {
			isa = PBXGroup;
			children = (
				352942422C6511C0000E6AF4 /* AppStoreProject.app */,
			);
			name = Products;
			sourceTree = "<group>";
		};
		352942442C6511C0000E6AF4 /* AppStoreProject */ = {
			isa = PBXGroup;
			children = (
				3529425A2C65124A000E6AF4 /* TabBarController.swift */,
				352942592C651207000E6AF4 /* SearchTab */,
				352942452C6511C0000E6AF4 /* AppDelegate.swift */,
				352942472C6511C0000E6AF4 /* SceneDelegate.swift */,
				3529424E2C6511C1000E6AF4 /* Assets.xcassets */,
				352942502C6511C1000E6AF4 /* LaunchScreen.storyboard */,
				352942532C6511C1000E6AF4 /* Info.plist */,
			);
			path = AppStoreProject;
			sourceTree = "<group>";
		};
		352942592C651207000E6AF4 /* SearchTab */ = {
			isa = PBXGroup;
			children = (
				352942682C65136F000E6AF4 /* iTunesModel.swift */,
				352942662C651321000E6AF4 /* NetworkManager.swift */,
				3529425C2C651288000E6AF4 /* SearchTabMainViewController.swift */,
				3529426A2C651390000E6AF4 /* SearchTabMainViewModel.swift */,
				3529425E2C65129B000E6AF4 /* SearchTabMainTableViewCell.swift */,
				352942622C6512E9000E6AF4 /* SearchTabMainCollectionViewCell.swift */,
				352942602C6512AE000E6AF4 /* SearchTabDetailViewController.swift */,
				3529426C2C65139F000E6AF4 /* SearchTabDetailViewModel.swift */,
				352942642C651312000E6AF4 /* SearchTabDetailCollectionViewCell.swift */,
			);
			path = SearchTab;
			sourceTree = "<group>";
		};
/* End PBXGroup section */

/* Begin PBXNativeTarget section */
		352942412C6511C0000E6AF4 /* AppStoreProject */ = {
			isa = PBXNativeTarget;
			buildConfigurationList = 352942562C6511C1000E6AF4 /* Build configuration list for PBXNativeTarget "AppStoreProject" */;
			buildPhases = (
				3529423E2C6511C0000E6AF4 /* Sources */,
				3529423F2C6511C0000E6AF4 /* Frameworks */,
				352942402C6511C0000E6AF4 /* Resources */,
			);
			buildRules = (
			);
			dependencies = (
			);
			name = AppStoreProject;
			productName = AppStoreProject;
			productReference = 352942422C6511C0000E6AF4 /* AppStoreProject.app */;
			productType = "com.apple.product-type.application";
		};
/* End PBXNativeTarget section */

/* Begin PBXProject section */
		3529423A2C6511C0000E6AF4 /* Project object */ = {
			isa = PBXProject;
			attributes = {
				BuildIndependentTargetsInParallel = 1;
				LastSwiftUpdateCheck = 1530;
				LastUpgradeCheck = 1530;
				TargetAttributes = {
					352942412C6511C0000E6AF4 = {
						CreatedOnToolsVersion = 15.3;
					};
				};
			};
			buildConfigurationList = 3529423D2C6511C0000E6AF4 /* Build configuration list for PBXProject "AppStoreProject" */;
			compatibilityVersion = "Xcode 14.0";
			developmentRegion = en;
			hasScannedForEncodings = 0;
			knownRegions = (
				en,
				Base,
			);
			mainGroup = 352942392C6511C0000E6AF4;
			productRefGroup = 352942432C6511C0000E6AF4 /* Products */;
			projectDirPath = "";
			projectRoot = "";
			targets = (
				352942412C6511C0000E6AF4 /* AppStoreProject */,
			);
		};
/* End PBXProject section */

/* Begin PBXResourcesBuildPhase section */
		352942402C6511C0000E6AF4 /* Resources */ = {
			isa = PBXResourcesBuildPhase;
			buildActionMask = 2147483647;
			files = (
				3529424F2C6511C1000E6AF4 /* Assets.xcassets in Resources */,
				352942522C6511C1000E6AF4 /* Base in Resources */,
			);
			runOnlyForDeploymentPostprocessing = 0;
		};
/* End PBXResourcesBuildPhase section */

/* Begin PBXSourcesBuildPhase section */
		3529423E2C6511C0000E6AF4 /* Sources */ = {
			isa = PBXSourcesBuildPhase;
			buildActionMask = 2147483647;
			files = (
				352942692C65136F000E6AF4 /* iTunesModel.swift in Sources */,
				3529425F2C65129B000E6AF4 /* SearchTabMainTableViewCell.swift in Sources */,
				352942632C6512E9000E6AF4 /* SearchTabMainCollectionViewCell.swift in Sources */,
				352942672C651321000E6AF4 /* NetworkManager.swift in Sources */,
				3529425D2C651288000E6AF4 /* SearchTabMainViewController.swift in Sources */,
				3529426B2C651390000E6AF4 /* SearchTabMainViewModel.swift in Sources */,
				3529426D2C65139F000E6AF4 /* SearchTabDetailViewModel.swift in Sources */,
				3529425B2C65124A000E6AF4 /* TabBarController.swift in Sources */,
				352942462C6511C0000E6AF4 /* AppDelegate.swift in Sources */,
				352942482C6511C0000E6AF4 /* SceneDelegate.swift in Sources */,
				352942652C651312000E6AF4 /* SearchTabDetailCollectionViewCell.swift in Sources */,
				352942612C6512AE000E6AF4 /* SearchTabDetailViewController.swift in Sources */,
			);
			runOnlyForDeploymentPostprocessing = 0;
		};
/* End PBXSourcesBuildPhase section */

/* Begin PBXVariantGroup section */
		352942502C6511C1000E6AF4 /* LaunchScreen.storyboard */ = {
			isa = PBXVariantGroup;
			children = (
				352942512C6511C1000E6AF4 /* Base */,
			);
			name = LaunchScreen.storyboard;
			sourceTree = "<group>";
		};
/* End PBXVariantGroup section */

/* Begin XCBuildConfiguration section */
		352942542C6511C1000E6AF4 /* Debug */ = {
			isa = XCBuildConfiguration;
			buildSettings = {
				ALWAYS_SEARCH_USER_PATHS = NO;
				ASSETCATALOG_COMPILER_GENERATE_SWIFT_ASSET_SYMBOL_EXTENSIONS = YES;
				CLANG_ANALYZER_NONNULL = YES;
				CLANG_ANALYZER_NUMBER_OBJECT_CONVERSION = YES_AGGRESSIVE;
				CLANG_CXX_LANGUAGE_STANDARD = "gnu++20";
				CLANG_ENABLE_MODULES = YES;
				CLANG_ENABLE_OBJC_ARC = YES;
				CLANG_ENABLE_OBJC_WEAK = YES;
				CLANG_WARN_BLOCK_CAPTURE_AUTORELEASING = YES;
				CLANG_WARN_BOOL_CONVERSION = YES;
				CLANG_WARN_COMMA = YES;
				CLANG_WARN_CONSTANT_CONVERSION = YES;
				CLANG_WARN_DEPRECATED_OBJC_IMPLEMENTATIONS = YES;
				CLANG_WARN_DIRECT_OBJC_ISA_USAGE = YES_ERROR;
				CLANG_WARN_DOCUMENTATION_COMMENTS = YES;
				CLANG_WARN_EMPTY_BODY = YES;
				CLANG_WARN_ENUM_CONVERSION = YES;
				CLANG_WARN_INFINITE_RECURSION = YES;
				CLANG_WARN_INT_CONVERSION = YES;
				CLANG_WARN_NON_LITERAL_NULL_CONVERSION = YES;
				CLANG_WARN_OBJC_IMPLICIT_RETAIN_SELF = YES;
				CLANG_WARN_OBJC_LITERAL_CONVERSION = YES;
				CLANG_WARN_OBJC_ROOT_CLASS = YES_ERROR;
				CLANG_WARN_QUOTED_INCLUDE_IN_FRAMEWORK_HEADER = YES;
				CLANG_WARN_RANGE_LOOP_ANALYSIS = YES;
				CLANG_WARN_STRICT_PROTOTYPES = YES;
				CLANG_WARN_SUSPICIOUS_MOVE = YES;
				CLANG_WARN_UNGUARDED_AVAILABILITY = YES_AGGRESSIVE;
				CLANG_WARN_UNREACHABLE_CODE = YES;
				CLANG_WARN__DUPLICATE_METHOD_MATCH = YES;
				COPY_PHASE_STRIP = NO;
				DEBUG_INFORMATION_FORMAT = dwarf;
				ENABLE_STRICT_OBJC_MSGSEND = YES;
				ENABLE_TESTABILITY = YES;
				ENABLE_USER_SCRIPT_SANDBOXING = YES;
				GCC_C_LANGUAGE_STANDARD = gnu17;
				GCC_DYNAMIC_NO_PIC = NO;
				GCC_NO_COMMON_BLOCKS = YES;
				GCC_OPTIMIZATION_LEVEL = 0;
				GCC_PREPROCESSOR_DEFINITIONS = (
					"DEBUG=1",
					"$(inherited)",
				);
				GCC_WARN_64_TO_32_BIT_CONVERSION = YES;
				GCC_WARN_ABOUT_RETURN_TYPE = YES_ERROR;
				GCC_WARN_UNDECLARED_SELECTOR = YES;
				GCC_WARN_UNINITIALIZED_AUTOS = YES_AGGRESSIVE;
				GCC_WARN_UNUSED_FUNCTION = YES;
				GCC_WARN_UNUSED_VARIABLE = YES;
				IPHONEOS_DEPLOYMENT_TARGET = 17.4;
				LOCALIZATION_PREFERS_STRING_CATALOGS = YES;
				MTL_ENABLE_DEBUG_INFO = INCLUDE_SOURCE;
				MTL_FAST_MATH = YES;
				ONLY_ACTIVE_ARCH = YES;
				SDKROOT = iphoneos;
				SWIFT_ACTIVE_COMPILATION_CONDITIONS = "DEBUG $(inherited)";
				SWIFT_OPTIMIZATION_LEVEL = "-Onone";
			};
			name = Debug;
		};
		352942552C6511C1000E6AF4 /* Release */ = {
			isa = XCBuildConfiguration;
			buildSettings = {
				ALWAYS_SEARCH_USER_PATHS = NO;
				ASSETCATALOG_COMPILER_GENERATE_SWIFT_ASSET_SYMBOL_EXTENSIONS = YES;
				CLANG_ANALYZER_NONNULL = YES;
				CLANG_ANALYZER_NUMBER_OBJECT_CONVERSION = YES_AGGRESSIVE;
				CLANG_CXX_LANGUAGE_STANDARD = "gnu++20";
				CLANG_ENABLE_MODULES = YES;
				CLANG_ENABLE_OBJC_ARC = YES;
				CLANG_ENABLE_OBJC_WEAK = YES;
				CLANG_WARN_BLOCK_CAPTURE_AUTORELEASING = YES;
				CLANG_WARN_BOOL_CONVERSION = YES;
				CLANG_WARN_COMMA = YES;
				CLANG_WARN_CONSTANT_CONVERSION = YES;
				CLANG_WARN_DEPRECATED_OBJC_IMPLEMENTATIONS = YES;
				CLANG_WARN_DIRECT_OBJC_ISA_USAGE = YES_ERROR;
				CLANG_WARN_DOCUMENTATION_COMMENTS = YES;
				CLANG_WARN_EMPTY_BODY = YES;
				CLANG_WARN_ENUM_CONVERSION = YES;
				CLANG_WARN_INFINITE_RECURSION = YES;
				CLANG_WARN_INT_CONVERSION = YES;
				CLANG_WARN_NON_LITERAL_NULL_CONVERSION = YES;
				CLANG_WARN_OBJC_IMPLICIT_RETAIN_SELF = YES;
				CLANG_WARN_OBJC_LITERAL_CONVERSION = YES;
				CLANG_WARN_OBJC_ROOT_CLASS = YES_ERROR;
				CLANG_WARN_QUOTED_INCLUDE_IN_FRAMEWORK_HEADER = YES;
				CLANG_WARN_RANGE_LOOP_ANALYSIS = YES;
				CLANG_WARN_STRICT_PROTOTYPES = YES;
				CLANG_WARN_SUSPICIOUS_MOVE = YES;
				CLANG_WARN_UNGUARDED_AVAILABILITY = YES_AGGRESSIVE;
				CLANG_WARN_UNREACHABLE_CODE = YES;
				CLANG_WARN__DUPLICATE_METHOD_MATCH = YES;
				COPY_PHASE_STRIP = NO;
				DEBUG_INFORMATION_FORMAT = "dwarf-with-dsym";
				ENABLE_NS_ASSERTIONS = NO;
				ENABLE_STRICT_OBJC_MSGSEND = YES;
				ENABLE_USER_SCRIPT_SANDBOXING = YES;
				GCC_C_LANGUAGE_STANDARD = gnu17;
				GCC_NO_COMMON_BLOCKS = YES;
				GCC_WARN_64_TO_32_BIT_CONVERSION = YES;
				GCC_WARN_ABOUT_RETURN_TYPE = YES_ERROR;
				GCC_WARN_UNDECLARED_SELECTOR = YES;
				GCC_WARN_UNINITIALIZED_AUTOS = YES_AGGRESSIVE;
				GCC_WARN_UNUSED_FUNCTION = YES;
				GCC_WARN_UNUSED_VARIABLE = YES;
				IPHONEOS_DEPLOYMENT_TARGET = 17.4;
				LOCALIZATION_PREFERS_STRING_CATALOGS = YES;
				MTL_ENABLE_DEBUG_INFO = NO;
				MTL_FAST_MATH = YES;
				SDKROOT = iphoneos;
				SWIFT_COMPILATION_MODE = wholemodule;
				VALIDATE_PRODUCT = YES;
			};
			name = Release;
		};
		352942572C6511C1000E6AF4 /* Debug */ = {
			isa = XCBuildConfiguration;
			buildSettings = {
				ASSETCATALOG_COMPILER_APPICON_NAME = AppIcon;
				ASSETCATALOG_COMPILER_GLOBAL_ACCENT_COLOR_NAME = AccentColor;
				CODE_SIGN_STYLE = Automatic;
				CURRENT_PROJECT_VERSION = 1;
				DEVELOPMENT_TEAM = F3724U2GB3;
				GENERATE_INFOPLIST_FILE = YES;
				INFOPLIST_FILE = AppStoreProject/Info.plist;
				INFOPLIST_KEY_CFBundleDisplayName = AppStore;
				INFOPLIST_KEY_UIApplicationSupportsIndirectInputEvents = YES;
				INFOPLIST_KEY_UILaunchStoryboardName = LaunchScreen;
				INFOPLIST_KEY_UIMainStoryboardFile = "";
				INFOPLIST_KEY_UISupportedInterfaceOrientations_iPad = UIInterfaceOrientationPortrait;
				INFOPLIST_KEY_UISupportedInterfaceOrientations_iPhone = UIInterfaceOrientationPortrait;
				IPHONEOS_DEPLOYMENT_TARGET = 15.0;
				LD_RUNPATH_SEARCH_PATHS = (
					"$(inherited)",
					"@executable_path/Frameworks",
				);
				MARKETING_VERSION = 1.0;
				PRODUCT_BUNDLE_IDENTIFIER = joy.AppStoreProject;
				PRODUCT_NAME = "$(TARGET_NAME)";
				SUPPORTED_PLATFORMS = "iphoneos iphonesimulator";
				SUPPORTS_MACCATALYST = NO;
				SUPPORTS_MAC_DESIGNED_FOR_IPHONE_IPAD = NO;
				SUPPORTS_XR_DESIGNED_FOR_IPHONE_IPAD = NO;
				SWIFT_EMIT_LOC_STRINGS = YES;
				SWIFT_VERSION = 5.0;
				TARGETED_DEVICE_FAMILY = 1;
			};
			name = Debug;
		};
		352942582C6511C1000E6AF4 /* Release */ = {
			isa = XCBuildConfiguration;
			buildSettings = {
				ASSETCATALOG_COMPILER_APPICON_NAME = AppIcon;
				ASSETCATALOG_COMPILER_GLOBAL_ACCENT_COLOR_NAME = AccentColor;
				CODE_SIGN_STYLE = Automatic;
				CURRENT_PROJECT_VERSION = 1;
				DEVELOPMENT_TEAM = F3724U2GB3;
				GENERATE_INFOPLIST_FILE = YES;
				INFOPLIST_FILE = AppStoreProject/Info.plist;
				INFOPLIST_KEY_CFBundleDisplayName = AppStore;
				INFOPLIST_KEY_UIApplicationSupportsIndirectInputEvents = YES;
				INFOPLIST_KEY_UILaunchStoryboardName = LaunchScreen;
				INFOPLIST_KEY_UIMainStoryboardFile = "";
				INFOPLIST_KEY_UISupportedInterfaceOrientations_iPad = UIInterfaceOrientationPortrait;
				INFOPLIST_KEY_UISupportedInterfaceOrientations_iPhone = UIInterfaceOrientationPortrait;
				IPHONEOS_DEPLOYMENT_TARGET = 15.0;
				LD_RUNPATH_SEARCH_PATHS = (
					"$(inherited)",
					"@executable_path/Frameworks",
				);
				MARKETING_VERSION = 1.0;
				PRODUCT_BUNDLE_IDENTIFIER = joy.AppStoreProject;
				PRODUCT_NAME = "$(TARGET_NAME)";
				SUPPORTED_PLATFORMS = "iphoneos iphonesimulator";
				SUPPORTS_MACCATALYST = NO;
				SUPPORTS_MAC_DESIGNED_FOR_IPHONE_IPAD = NO;
				SUPPORTS_XR_DESIGNED_FOR_IPHONE_IPAD = NO;
				SWIFT_EMIT_LOC_STRINGS = YES;
				SWIFT_VERSION = 5.0;
				TARGETED_DEVICE_FAMILY = 1;
			};
			name = Release;
		};
/* End XCBuildConfiguration section */

/* Begin XCConfigurationList section */
		3529423D2C6511C0000E6AF4 /* Build configuration list for PBXProject "AppStoreProject" */ = {
			isa = XCConfigurationList;
			buildConfigurations = (
				352942542C6511C1000E6AF4 /* Debug */,
				352942552C6511C1000E6AF4 /* Release */,
			);
			defaultConfigurationIsVisible = 0;
			defaultConfigurationName = Release;
		};
		352942562C6511C1000E6AF4 /* Build configuration list for PBXNativeTarget "AppStoreProject" */ = {
			isa = XCConfigurationList;
			buildConfigurations = (
				352942572C6511C1000E6AF4 /* Debug */,
				352942582C6511C1000E6AF4 /* Release */,
			);
			defaultConfigurationIsVisible = 0;
			defaultConfigurationName = Release;
		};
/* End XCConfigurationList section */
	};
	rootObject = 3529423A2C6511C0000E6AF4 /* Project object */;
}
